
Microsoft Visual Studio Solution File, Format Version 12.00
# Visual Studio 2013
VisualStudioVersion = 12.0.21005.1
MinimumVisualStudioVersion = 10.0.40219.1
Project("{2150E333-8FDC-42A3-9474-1A3956D46DE8}") = "Source", "Source", "{08D498DF-4063-4FEB-894B-9C3991ABC678}"
EndProject
Project("{2150E333-8FDC-42A3-9474-1A3956D46DE8}") = "Data", "Data", "{435DC0A0-A7E2-4705-AB8C-431ECF6254E2}"
EndProject
Project("{FAE04EC0-301F-11D3-BF4B-00C04F79EFBC}") = "MarketChanges.DataEntities", "MarketChanges.DataEntities\MarketChanges.DataEntities.csproj", "{0132BE2A-E8B6-45B0-8280-8A218361E956}"
EndProject
Project("{2150E333-8FDC-42A3-9474-1A3956D46DE8}") = "Business", "Business", "{29996E56-68E3-4896-BF43-32037BF8659D}"
EndProject
Project("{2150E333-8FDC-42A3-9474-1A3956D46DE8}") = "Presentation", "Presentation", "{39113515-54DC-4AF2-960D-C5CE98AAA93D}"
EndProject
Project("{2150E333-8FDC-42A3-9474-1A3956D46DE8}") = "MarketChanges.Yahoo", "MarketChanges.Yahoo", "{A57F6293-653A-4F0B-8924-503DFDD12852}"
EndProject
Project("{FAE04EC0-301F-11D3-BF4B-00C04F79EFBC}") = "MarketChanges.GetData", "MarketChanges.GetData\MarketChanges.GetData.csproj", "{19F48562-B3B6-4EDA-A863-B1F1F3D9F602}"
EndProject
Project("{FAE04EC0-301F-11D3-BF4B-00C04F79EFBC}") = "MarketChanges.Web", "MarketChanges.Web\MarketChanges.Web.csproj", "{BB666608-5336-41B1-AE30-FADE8713193C}"
EndProject
Global
	GlobalSection(SolutionConfigurationPlatforms) = preSolution
		Debug|Any CPU = Debug|Any CPU
		Release|Any CPU = Release|Any CPU
	EndGlobalSection
	GlobalSection(ProjectConfigurationPlatforms) = postSolution
		{0132BE2A-E8B6-45B0-8280-8A218361E956}.Debug|Any CPU.ActiveCfg = Debug|Any CPU
		{0132BE2A-E8B6-45B0-8280-8A218361E956}.Debug|Any CPU.Build.0 = Debug|Any CPU
		{0132BE2A-E8B6-45B0-8280-8A218361E956}.Release|Any CPU.ActiveCfg = Release|Any CPU
		{0132BE2A-E8B6-45B0-8280-8A218361E956}.Release|Any CPU.Build.0 = Release|Any CPU
		{19F48562-B3B6-4EDA-A863-B1F1F3D9F602}.Debug|Any CPU.ActiveCfg = Debug|Any CPU
		{19F48562-B3B6-4EDA-A863-B1F1F3D9F602}.Debug|Any CPU.Build.0 = Debug|Any CPU
		{19F48562-B3B6-4EDA-A863-B1F1F3D9F602}.Release|Any CPU.ActiveCfg = Release|Any CPU
		{19F48562-B3B6-4EDA-A863-B1F1F3D9F602}.Release|Any CPU.Build.0 = Release|Any CPU
		{BB666608-5336-41B1-AE30-FADE8713193C}.Debug|Any CPU.ActiveCfg = Debug|Any CPU
		{BB666608-5336-41B1-AE30-FADE8713193C}.Debug|Any CPU.Build.0 = Debug|Any CPU
		{BB666608-5336-41B1-AE30-FADE8713193C}.Release|Any CPU.ActiveCfg = Release|Any CPU
		{BB666608-5336-41B1-AE30-FADE8713193C}.Release|Any CPU.Build.0 = Release|Any CPU
	EndGlobalSection
	GlobalSection(SolutionProperties) = preSolution
		HideSolutionNode = FALSE
	EndGlobalSection
	GlobalSection(NestedProjects) = preSolution
		{435DC0A0-A7E2-4705-AB8C-431ECF6254E2} = {08D498DF-4063-4FEB-894B-9C3991ABC678}
		{29996E56-68E3-4896-BF43-32037BF8659D} = {08D498DF-4063-4FEB-894B-9C3991ABC678}
		{39113515-54DC-4AF2-960D-C5CE98AAA93D} = {08D498DF-4063-4FEB-894B-9C3991ABC678}
		{0132BE2A-E8B6-45B0-8280-8A218361E956} = {435DC0A0-A7E2-4705-AB8C-431ECF6254E2}
		{A57F6293-653A-4F0B-8924-503DFDD12852} = {29996E56-68E3-4896-BF43-32037BF8659D}
		{BB666608-5336-41B1-AE30-FADE8713193C} = {39113515-54DC-4AF2-960D-C5CE98AAA93D}
		{19F48562-B3B6-4EDA-A863-B1F1F3D9F602} = {A57F6293-653A-4F0B-8924-503DFDD12852}
	EndGlobalSection
EndGlobal
