
Microsoft Visual Studio Solution File, Format Version 12.00
# Visual Studio 2013
VisualStudioVersion = 12.0.21005.1
MinimumVisualStudioVersion = 10.0.40219.1
Project("{2150E333-8FDC-42A3-9474-1A3956D46DE8}") = "Source", "Source", "{08D498DF-4063-4FEB-894B-9C3991ABC678}"
EndProject
Project("{2150E333-8FDC-42A3-9474-1A3956D46DE8}") = "Data", "Data", "{435DC0A0-A7E2-4705-AB8C-431ECF6254E2}"
EndProject
Project("{2150E333-8FDC-42A3-9474-1A3956D46DE8}") = "Business", "Business", "{29996E56-68E3-4896-BF43-32037BF8659D}"
EndProject
Project("{2150E333-8FDC-42A3-9474-1A3956D46DE8}") = "Presentation", "Presentation", "{39113515-54DC-4AF2-960D-C5CE98AAA93D}"
EndProject
Project("{2150E333-8FDC-42A3-9474-1A3956D46DE8}") = "MarketChanges.Yahoo", "MarketChanges.Yahoo", "{A57F6293-653A-4F0B-8924-503DFDD12852}"
EndProject
Project("{FAE04EC0-301F-11D3-BF4B-00C04F79EFBC}") = "MarketChanges.GetData", "MarketChanges.GetData\MarketChanges.GetData.csproj", "{19F48562-B3B6-4EDA-A863-B1F1F3D9F602}"
EndProject
Project("{FAE04EC0-301F-11D3-BF4B-00C04F79EFBC}") = "MarketChanges.DataEntities", "MarketChanges.DataEntities\MarketChanges.DataEntities.csproj", "{0048B7E5-07AC-472D-92DA-342CD9EF45D9}"
EndProject
Project("{FAE04EC0-301F-11D3-BF4B-00C04F79EFBC}") = "MarketChanges.DataContracts", "MarketChanges.DataContracts\MarketChanges.DataContracts.csproj", "{A8169073-CFD3-4959-9281-B5F3E58538EB}"
EndProject
Project("{FAE04EC0-301F-11D3-BF4B-00C04F79EFBC}") = "MarketChanges.Data", "MarketChanges.Data\MarketChanges.Data.csproj", "{0DD4F9FB-8361-4847-AA04-3FE3AFBA7C75}"
EndProject
Project("{FAE04EC0-301F-11D3-BF4B-00C04F79EFBC}") = "Test", "Test\Test.csproj", "{9F9F7B98-F530-4460-BEE7-A005A17180E9}"
EndProject
Project("{FAE04EC0-301F-11D3-BF4B-00C04F79EFBC}") = "MarketChanges.Web", "MarketChanges.Web\MarketChanges.Web.csproj", "{DAFD55CD-E0D0-4DAB-8E9D-7F6479E11668}"
EndProject
Project("{2150E333-8FDC-42A3-9474-1A3956D46DE8}") = ".nuget", ".nuget", "{95A3DE6C-8749-4EA3-9D1E-BC5DB4996926}"
	ProjectSection(SolutionItems) = preProject
		.nuget\packages.config = .nuget\packages.config
	EndProjectSection
EndProject
Global
	GlobalSection(SolutionConfigurationPlatforms) = preSolution
		Debug|Any CPU = Debug|Any CPU
		Release|Any CPU = Release|Any CPU
	EndGlobalSection
	GlobalSection(ProjectConfigurationPlatforms) = postSolution
		{19F48562-B3B6-4EDA-A863-B1F1F3D9F602}.Debug|Any CPU.ActiveCfg = Debug|Any CPU
		{19F48562-B3B6-4EDA-A863-B1F1F3D9F602}.Debug|Any CPU.Build.0 = Debug|Any CPU
		{19F48562-B3B6-4EDA-A863-B1F1F3D9F602}.Release|Any CPU.ActiveCfg = Release|Any CPU
		{19F48562-B3B6-4EDA-A863-B1F1F3D9F602}.Release|Any CPU.Build.0 = Release|Any CPU
		{0048B7E5-07AC-472D-92DA-342CD9EF45D9}.Debug|Any CPU.ActiveCfg = Debug|Any CPU
		{0048B7E5-07AC-472D-92DA-342CD9EF45D9}.Debug|Any CPU.Build.0 = Debug|Any CPU
		{0048B7E5-07AC-472D-92DA-342CD9EF45D9}.Release|Any CPU.ActiveCfg = Release|Any CPU
		{0048B7E5-07AC-472D-92DA-342CD9EF45D9}.Release|Any CPU.Build.0 = Release|Any CPU
		{A8169073-CFD3-4959-9281-B5F3E58538EB}.Debug|Any CPU.ActiveCfg = Debug|Any CPU
		{A8169073-CFD3-4959-9281-B5F3E58538EB}.Debug|Any CPU.Build.0 = Debug|Any CPU
		{A8169073-CFD3-4959-9281-B5F3E58538EB}.Release|Any CPU.ActiveCfg = Release|Any CPU
		{A8169073-CFD3-4959-9281-B5F3E58538EB}.Release|Any CPU.Build.0 = Release|Any CPU
		{0DD4F9FB-8361-4847-AA04-3FE3AFBA7C75}.Debug|Any CPU.ActiveCfg = Debug|Any CPU
		{0DD4F9FB-8361-4847-AA04-3FE3AFBA7C75}.Debug|Any CPU.Build.0 = Debug|Any CPU
		{0DD4F9FB-8361-4847-AA04-3FE3AFBA7C75}.Release|Any CPU.ActiveCfg = Release|Any CPU
		{0DD4F9FB-8361-4847-AA04-3FE3AFBA7C75}.Release|Any CPU.Build.0 = Release|Any CPU
		{9F9F7B98-F530-4460-BEE7-A005A17180E9}.Debug|Any CPU.ActiveCfg = Debug|Any CPU
		{9F9F7B98-F530-4460-BEE7-A005A17180E9}.Debug|Any CPU.Build.0 = Debug|Any CPU
		{9F9F7B98-F530-4460-BEE7-A005A17180E9}.Release|Any CPU.ActiveCfg = Release|Any CPU
		{9F9F7B98-F530-4460-BEE7-A005A17180E9}.Release|Any CPU.Build.0 = Release|Any CPU
		{DAFD55CD-E0D0-4DAB-8E9D-7F6479E11668}.Debug|Any CPU.ActiveCfg = Debug|Any CPU
		{DAFD55CD-E0D0-4DAB-8E9D-7F6479E11668}.Debug|Any CPU.Build.0 = Debug|Any CPU
		{DAFD55CD-E0D0-4DAB-8E9D-7F6479E11668}.Release|Any CPU.ActiveCfg = Release|Any CPU
		{DAFD55CD-E0D0-4DAB-8E9D-7F6479E11668}.Release|Any CPU.Build.0 = Release|Any CPU
	EndGlobalSection
	GlobalSection(SolutionProperties) = preSolution
		HideSolutionNode = FALSE
	EndGlobalSection
	GlobalSection(NestedProjects) = preSolution
		{435DC0A0-A7E2-4705-AB8C-431ECF6254E2} = {08D498DF-4063-4FEB-894B-9C3991ABC678}
		{29996E56-68E3-4896-BF43-32037BF8659D} = {08D498DF-4063-4FEB-894B-9C3991ABC678}
		{39113515-54DC-4AF2-960D-C5CE98AAA93D} = {08D498DF-4063-4FEB-894B-9C3991ABC678}
		{0048B7E5-07AC-472D-92DA-342CD9EF45D9} = {435DC0A0-A7E2-4705-AB8C-431ECF6254E2}
		{A8169073-CFD3-4959-9281-B5F3E58538EB} = {435DC0A0-A7E2-4705-AB8C-431ECF6254E2}
		{0DD4F9FB-8361-4847-AA04-3FE3AFBA7C75} = {435DC0A0-A7E2-4705-AB8C-431ECF6254E2}
		{A57F6293-653A-4F0B-8924-503DFDD12852} = {29996E56-68E3-4896-BF43-32037BF8659D}
		{9F9F7B98-F530-4460-BEE7-A005A17180E9} = {39113515-54DC-4AF2-960D-C5CE98AAA93D}
		{DAFD55CD-E0D0-4DAB-8E9D-7F6479E11668} = {39113515-54DC-4AF2-960D-C5CE98AAA93D}
		{19F48562-B3B6-4EDA-A863-B1F1F3D9F602} = {A57F6293-653A-4F0B-8924-503DFDD12852}
	EndGlobalSection
EndGlobal
